
Microsoft Visual Studio Solution File, Format Version 12.00
# Visual Studio Version 16
VisualStudioVersion = 16.0.31624.102
MinimumVisualStudioVersion = 10.0.40219.1
Project("{FAE04EC0-301F-11D3-BF4B-00C04F79EFBC}") = "PolymorphismApp", "PolymorphismApp\PolymorphismApp.csproj", "{27176BBA-94BD-42F9-B356-27EC2AC53972}"
EndProject
Global
	GlobalSection(SolutionConfigurationPlatforms) = preSolution
		Debug|Any CPU = Debug|Any CPU
		Release|Any CPU = Release|Any CPU
	EndGlobalSection
	GlobalSection(ProjectConfigurationPlatforms) = postSolution
		{27176BBA-94BD-42F9-B356-27EC2AC53972}.Debug|Any CPU.ActiveCfg = Debug|Any CPU
		{27176BBA-94BD-42F9-B356-27EC2AC53972}.Debug|Any CPU.Build.0 = Debug|Any CPU
		{27176BBA-94BD-42F9-B356-27EC2AC53972}.Release|Any CPU.ActiveCfg = Release|Any CPU
		{27176BBA-94BD-42F9-B356-27EC2AC53972}.Release|Any CPU.Build.0 = Release|Any CPU
	EndGlobalSection
	GlobalSection(SolutionProperties) = preSolution
		HideSolutionNode = FALSE
	EndGlobalSection
	GlobalSection(ExtensibilityGlobals) = postSolution
		SolutionGuid = {B90B0C64-84FA-45B1-89B0-64AFB57A9BF4}
	EndGlobalSection
EndGlobal
